{
	"name": "pdq-dice-react",
	"version": "3.4.0",
	"lockfileVersion": 3,
	"requires": true,
	"packages": {
		"": {
			"name": "pdq-dice-react",
			"version": "3.4.0",
			"license": "ISC",
			"devDependencies": {
				"commander": "^14.0.2",
				"semver": "^7.7.1"
			}
		},
		"node_modules/commander": {
			"version": "14.0.2",
			"resolved": "https://registry.npmjs.org/commander/-/commander-14.0.2.tgz",
			"integrity": "sha512-TywoWNNRbhoD0BXs1P3ZEScW8W5iKrnbithIl0YH+uCmBd0QpPOA8yc82DS3BIE5Ma6FnBVUsJ7wVUDz4dvOWQ==",
			"dev": true,
			"license": "MIT",
			"engines": {
				"node": ">=20"
			}
		},
		"node_modules/semver": {
			"version": "7.7.3",
			"resolved": "https://registry.npmjs.org/semver/-/semver-7.7.3.tgz",
			"integrity": "sha512-SdsKMrI9TdgjdweUSR9MweHA4EJ8YxHn8DFaDisvhVlUOe4BF1tLD7GAj0lIqWVl+dPb/rExr0Btby5loQm20Q==",
			"dev": true,
			"license": "ISC",
			"bin": {
				"semver": "bin/semver.js"
			},
			"engines": {
				"node": ">=10"
			}
		}
	}
}
